
Microsoft Visual Studio Solution File, Format Version 12.00
# Visual Studio Version 16
VisualStudioVersion = 16.0.31727.386
MinimumVisualStudioVersion = 10.0.40219.1
Project("{FAE04EC0-301F-11D3-BF4B-00C04F79EFBC}") = "NDP-ODEV-1", "NDP-ODEV-1\NDP-ODEV-1.csproj", "{F180D240-5638-487B-AE2E-E274D2C1DFB1}"
EndProject
Global
	GlobalSection(SolutionConfigurationPlatforms) = preSolution
		Debug|Any CPU = Debug|Any CPU
		Release|Any CPU = Release|Any CPU
	EndGlobalSection
	GlobalSection(ProjectConfigurationPlatforms) = postSolution
		{F180D240-5638-487B-AE2E-E274D2C1DFB1}.Debug|Any CPU.ActiveCfg = Debug|Any CPU
		{F180D240-5638-487B-AE2E-E274D2C1DFB1}.Debug|Any CPU.Build.0 = Debug|Any CPU
		{F180D240-5638-487B-AE2E-E274D2C1DFB1}.Release|Any CPU.ActiveCfg = Release|Any CPU
		{F180D240-5638-487B-AE2E-E274D2C1DFB1}.Release|Any CPU.Build.0 = Release|Any CPU
	EndGlobalSection
	GlobalSection(SolutionProperties) = preSolution
		HideSolutionNode = FALSE
	EndGlobalSection
	GlobalSection(ExtensibilityGlobals) = postSolution
		SolutionGuid = {AAFB49A7-72FC-4F87-92A5-25EB23CD4BB8}
	EndGlobalSection
EndGlobal
